
Microsoft Visual Studio Solution File, Format Version 12.00
# Visual Studio Version 17
VisualStudioVersion = 17.7.34024.191
MinimumVisualStudioVersion = 10.0.40219.1
Project("{FAE04EC0-301F-11D3-BF4B-00C04F79EFBC}") = "Hamburgerci", "Hamburgerci\Hamburgerci.csproj", "{9E1514E8-1216-45CF-9CDD-63612C1ED655}"
EndProject
Global
	GlobalSection(SolutionConfigurationPlatforms) = preSolution
		Debug|Any CPU = Debug|Any CPU
		Release|Any CPU = Release|Any CPU
	EndGlobalSection
	GlobalSection(ProjectConfigurationPlatforms) = postSolution
		{9E1514E8-1216-45CF-9CDD-63612C1ED655}.Debug|Any CPU.ActiveCfg = Debug|Any CPU
		{9E1514E8-1216-45CF-9CDD-63612C1ED655}.Debug|Any CPU.Build.0 = Debug|Any CPU
		{9E1514E8-1216-45CF-9CDD-63612C1ED655}.Release|Any CPU.ActiveCfg = Release|Any CPU
		{9E1514E8-1216-45CF-9CDD-63612C1ED655}.Release|Any CPU.Build.0 = Release|Any CPU
	EndGlobalSection
	GlobalSection(SolutionProperties) = preSolution
		HideSolutionNode = FALSE
	EndGlobalSection
	GlobalSection(ExtensibilityGlobals) = postSolution
		SolutionGuid = {9C3EE45D-A8F9-4B4E-9D25-2EC4CCEA7129}
	EndGlobalSection
EndGlobal
